
Microsoft Visual Studio Solution File, Format Version 12.00
# Visual Studio 15
VisualStudioVersion = 15.0.27130.2027
MinimumVisualStudioVersion = 10.0.40219.1
Project("{FAE04EC0-301F-11D3-BF4B-00C04F79EFBC}") = "ConsoleMod", "ConsoleMod\ConsoleMod.csproj", "{F13ABCE4-8C67-4E5B-99EE-F2F979AD9F44}"
EndProject
Project("{FAE04EC0-301F-11D3-BF4B-00C04F79EFBC}") = "CopyPasteMod", "CopyPasteMod\CopyPasteMod.csproj", "{B02FC9D0-274F-406D-BDB1-8C9C4A1FEBC2}"
EndProject
Project("{FAE04EC0-301F-11D3-BF4B-00C04F79EFBC}") = "FlightMod", "FlightMod\FlightMod.csproj", "{2B7BC47D-3915-44B4-B8CF-F11B3CFCA748}"
EndProject
Project("{FAE04EC0-301F-11D3-BF4B-00C04F79EFBC}") = "Teleporter", "Teleporter\Teleporter.csproj", "{28C0CEAB-4E94-4D67-93AE-8C02676D9E2E}"
EndProject
Project("{FAE04EC0-301F-11D3-BF4B-00C04F79EFBC}") = "ArduinoMod", "ArduinoMod\ArduinoMod.csproj", "{5FD60429-BA0D-4851-B6CD-7754ED81EAFF}"
EndProject
Project("{FAE04EC0-301F-11D3-BF4B-00C04F79EFBC}") = "ArduinoMod Server", "ArduinoMod Server\ArduinoMod Server.csproj", "{A4616865-3235-4BE8-8696-D6C7565719FB}"
EndProject
Global
	GlobalSection(SolutionConfigurationPlatforms) = preSolution
		Debug|Any CPU = Debug|Any CPU
		Release|Any CPU = Release|Any CPU
	EndGlobalSection
	GlobalSection(ProjectConfigurationPlatforms) = postSolution
		{F13ABCE4-8C67-4E5B-99EE-F2F979AD9F44}.Debug|Any CPU.ActiveCfg = Debug|Any CPU
		{F13ABCE4-8C67-4E5B-99EE-F2F979AD9F44}.Debug|Any CPU.Build.0 = Debug|Any CPU
		{F13ABCE4-8C67-4E5B-99EE-F2F979AD9F44}.Release|Any CPU.ActiveCfg = Release|Any CPU
		{F13ABCE4-8C67-4E5B-99EE-F2F979AD9F44}.Release|Any CPU.Build.0 = Release|Any CPU
		{B02FC9D0-274F-406D-BDB1-8C9C4A1FEBC2}.Debug|Any CPU.ActiveCfg = Debug|Any CPU
		{B02FC9D0-274F-406D-BDB1-8C9C4A1FEBC2}.Debug|Any CPU.Build.0 = Debug|Any CPU
		{B02FC9D0-274F-406D-BDB1-8C9C4A1FEBC2}.Release|Any CPU.ActiveCfg = Release|Any CPU
		{B02FC9D0-274F-406D-BDB1-8C9C4A1FEBC2}.Release|Any CPU.Build.0 = Release|Any CPU
		{2B7BC47D-3915-44B4-B8CF-F11B3CFCA748}.Debug|Any CPU.ActiveCfg = Debug|Any CPU
		{2B7BC47D-3915-44B4-B8CF-F11B3CFCA748}.Debug|Any CPU.Build.0 = Debug|Any CPU
		{2B7BC47D-3915-44B4-B8CF-F11B3CFCA748}.Release|Any CPU.ActiveCfg = Release|Any CPU
		{2B7BC47D-3915-44B4-B8CF-F11B3CFCA748}.Release|Any CPU.Build.0 = Release|Any CPU
		{28C0CEAB-4E94-4D67-93AE-8C02676D9E2E}.Debug|Any CPU.ActiveCfg = Debug|Any CPU
		{28C0CEAB-4E94-4D67-93AE-8C02676D9E2E}.Debug|Any CPU.Build.0 = Debug|Any CPU
		{28C0CEAB-4E94-4D67-93AE-8C02676D9E2E}.Release|Any CPU.ActiveCfg = Release|Any CPU
		{28C0CEAB-4E94-4D67-93AE-8C02676D9E2E}.Release|Any CPU.Build.0 = Release|Any CPU
		{5FD60429-BA0D-4851-B6CD-7754ED81EAFF}.Debug|Any CPU.ActiveCfg = Debug|Any CPU
		{5FD60429-BA0D-4851-B6CD-7754ED81EAFF}.Debug|Any CPU.Build.0 = Debug|Any CPU
		{5FD60429-BA0D-4851-B6CD-7754ED81EAFF}.Release|Any CPU.ActiveCfg = Release|Any CPU
		{5FD60429-BA0D-4851-B6CD-7754ED81EAFF}.Release|Any CPU.Build.0 = Release|Any CPU
		{A4616865-3235-4BE8-8696-D6C7565719FB}.Debug|Any CPU.ActiveCfg = Debug|Any CPU
		{A4616865-3235-4BE8-8696-D6C7565719FB}.Debug|Any CPU.Build.0 = Debug|Any CPU
		{A4616865-3235-4BE8-8696-D6C7565719FB}.Release|Any CPU.ActiveCfg = Release|Any CPU
		{A4616865-3235-4BE8-8696-D6C7565719FB}.Release|Any CPU.Build.0 = Release|Any CPU
	EndGlobalSection
	GlobalSection(SolutionProperties) = preSolution
		HideSolutionNode = FALSE
	EndGlobalSection
	GlobalSection(ExtensibilityGlobals) = postSolution
		SolutionGuid = {BFE3A1C3-62B3-4257-844A-F3F9B4041C5E}
	EndGlobalSection
EndGlobal
